// !$*UTF8*$!
{
	archiveVersion = 1;
	classes = {
	};
	objectVersion = 50;
	objects = {

/* Begin PBXBuildFile section */
		1A17C1772293FFF600B8D7FA /* AppDelegate.swift in Sources */ = {isa = PBXBuildFile; fileRef = 1A17C1762293FFF600B8D7FA /* AppDelegate.swift */; };
		1A17C1792293FFF600B8D7FA /* ViewController.swift in Sources */ = {isa = PBXBuildFile; fileRef = 1A17C1782293FFF600B8D7FA /* ViewController.swift */; };
		1A17C17C2293FFF600B8D7FA /* Main.storyboard in Resources */ = {isa = PBXBuildFile; fileRef = 1A17C17A2293FFF600B8D7FA /* Main.storyboard */; };
		1A17C17E2293FFF800B8D7FA /* Assets.xcassets in Resources */ = {isa = PBXBuildFile; fileRef = 1A17C17D2293FFF800B8D7FA /* Assets.xcassets */; };
		1A17C1812293FFF800B8D7FA /* LaunchScreen.storyboard in Resources */ = {isa = PBXBuildFile; fileRef = 1A17C17F2293FFF800B8D7FA /* LaunchScreen.storyboard */; };
		1A17C18C2293FFF800B8D7FA /* SetTests.swift in Sources */ = {isa = PBXBuildFile; fileRef = 1A17C18B2293FFF800B8D7FA /* SetTests.swift */; };
		1A17C19A2294012600B8D7FA /* Card.swift in Sources */ = {isa = PBXBuildFile; fileRef = 1A17C1992294012600B8D7FA /* Card.swift */; };
		1A17C19C2294036F00B8D7FA /* Deck.swift in Sources */ = {isa = PBXBuildFile; fileRef = 1A17C19B2294036F00B8D7FA /* Deck.swift */; };
		1A17C19E229405D400B8D7FA /* SetGame.swift in Sources */ = {isa = PBXBuildFile; fileRef = 1A17C19D229405D400B8D7FA /* SetGame.swift */; };
		1A17C1A02294149000B8D7FA /* SetGameDelegate.swift in Sources */ = {isa = PBXBuildFile; fileRef = 1A17C19F2294149000B8D7FA /* SetGameDelegate.swift */; };
		1A460F51229550D70066FAAD /* Int+repetitionsOf.swift in Sources */ = {isa = PBXBuildFile; fileRef = 1A460F50229550D70066FAAD /* Int+repetitionsOf.swift */; };
/* End PBXBuildFile section */

/* Begin PBXContainerItemProxy section */
		1A17C1882293FFF800B8D7FA /* PBXContainerItemProxy */ = {
			isa = PBXContainerItemProxy;
			containerPortal = 1A17C16B2293FFF600B8D7FA /* Project object */;
			proxyType = 1;
			remoteGlobalIDString = 1A17C1722293FFF600B8D7FA;
			remoteInfo = Set;
		};
/* End PBXContainerItemProxy section */

/* Begin PBXFileReference section */
		1A17C1732293FFF600B8D7FA /* Set.app */ = {isa = PBXFileReference; explicitFileType = wrapper.application; includeInIndex = 0; path = Set.app; sourceTree = BUILT_PRODUCTS_DIR; };
		1A17C1762293FFF600B8D7FA /* AppDelegate.swift */ = {isa = PBXFileReference; lastKnownFileType = sourcecode.swift; path = AppDelegate.swift; sourceTree = "<group>"; };
		1A17C1782293FFF600B8D7FA /* ViewController.swift */ = {isa = PBXFileReference; lastKnownFileType = sourcecode.swift; path = ViewController.swift; sourceTree = "<group>"; };
		1A17C17B2293FFF600B8D7FA /* Base */ = {isa = PBXFileReference; lastKnownFileType = file.storyboard; name = Base; path = Base.lproj/Main.storyboard; sourceTree = "<group>"; };
		1A17C17D2293FFF800B8D7FA /* Assets.xcassets */ = {isa = PBXFileReference; lastKnownFileType = folder.assetcatalog; path = Assets.xcassets; sourceTree = "<group>"; };
		1A17C1802293FFF800B8D7FA /* Base */ = {isa = PBXFileReference; lastKnownFileType = file.storyboard; name = Base; path = Base.lproj/LaunchScreen.storyboard; sourceTree = "<group>"; };
		1A17C1822293FFF800B8D7FA /* Info.plist */ = {isa = PBXFileReference; lastKnownFileType = text.plist.xml; path = Info.plist; sourceTree = "<group>"; };
		1A17C1872293FFF800B8D7FA /* SetTests.xctest */ = {isa = PBXFileReference; explicitFileType = wrapper.cfbundle; includeInIndex = 0; path = SetTests.xctest; sourceTree = BUILT_PRODUCTS_DIR; };
		1A17C18B2293FFF800B8D7FA /* SetTests.swift */ = {isa = PBXFileReference; lastKnownFileType = sourcecode.swift; path = SetTests.swift; sourceTree = "<group>"; };
		1A17C18D2293FFF800B8D7FA /* Info.plist */ = {isa = PBXFileReference; lastKnownFileType = text.plist.xml; path = Info.plist; sourceTree = "<group>"; };
		1A17C1992294012600B8D7FA /* Card.swift */ = {isa = PBXFileReference; lastKnownFileType = sourcecode.swift; path = Card.swift; sourceTree = "<group>"; };
		1A17C19B2294036F00B8D7FA /* Deck.swift */ = {isa = PBXFileReference; lastKnownFileType = sourcecode.swift; path = Deck.swift; sourceTree = "<group>"; };
		1A17C19D229405D400B8D7FA /* SetGame.swift */ = {isa = PBXFileReference; lastKnownFileType = sourcecode.swift; path = SetGame.swift; sourceTree = "<group>"; };
		1A17C19F2294149000B8D7FA /* SetGameDelegate.swift */ = {isa = PBXFileReference; lastKnownFileType = sourcecode.swift; path = SetGameDelegate.swift; sourceTree = "<group>"; };
		1A460F50229550D70066FAAD /* Int+repetitionsOf.swift */ = {isa = PBXFileReference; lastKnownFileType = sourcecode.swift; path = "Int+repetitionsOf.swift"; sourceTree = "<group>"; };
/* End PBXFileReference section */

/* Begin PBXFrameworksBuildPhase section */
		1A17C1702293FFF600B8D7FA /* Frameworks */ = {
			isa = PBXFrameworksBuildPhase;
			buildActionMask = 2147483647;
			files = (
			);
			runOnlyForDeploymentPostprocessing = 0;
		};
		1A17C1842293FFF800B8D7FA /* Frameworks */ = {
			isa = PBXFrameworksBuildPhase;
			buildActionMask = 2147483647;
			files = (
			);
			runOnlyForDeploymentPostprocessing = 0;
		};
/* End PBXFrameworksBuildPhase section */

/* Begin PBXGroup section */
		1A17C16A2293FFF600B8D7FA = {
			isa = PBXGroup;
			children = (
				1A17C1752293FFF600B8D7FA /* Set */,
				1A17C18A2293FFF800B8D7FA /* SetTests */,
				1A17C1742293FFF600B8D7FA /* Products */,
			);
			sourceTree = "<group>";
		};
		1A17C1742293FFF600B8D7FA /* Products */ = {
			isa = PBXGroup;
			children = (
				1A17C1732293FFF600B8D7FA /* Set.app */,
				1A17C1872293FFF800B8D7FA /* SetTests.xctest */,
			);
			name = Products;
			sourceTree = "<group>";
		};
		1A17C1752293FFF600B8D7FA /* Set */ = {
			isa = PBXGroup;
			children = (
				1A17C1762293FFF600B8D7FA /* AppDelegate.swift */,
				1A460F50229550D70066FAAD /* Int+repetitionsOf.swift */,
				1A17C1982294011300B8D7FA /* Models */,
				1A17C197229400EC00B8D7FA /* Controllers */,
				1A17C1962294009300B8D7FA /* Storyboards */,
				1A17C17D2293FFF800B8D7FA /* Assets.xcassets */,
				1A17C1822293FFF800B8D7FA /* Info.plist */,
			);
			path = Set;
			sourceTree = "<group>";
		};
		1A17C18A2293FFF800B8D7FA /* SetTests */ = {
			isa = PBXGroup;
			children = (
				1A17C18B2293FFF800B8D7FA /* SetTests.swift */,
				1A17C18D2293FFF800B8D7FA /* Info.plist */,
			);
			path = SetTests;
			sourceTree = "<group>";
		};
		1A17C1962294009300B8D7FA /* Storyboards */ = {
			isa = PBXGroup;
			children = (
				1A17C17A2293FFF600B8D7FA /* Main.storyboard */,
				1A17C17F2293FFF800B8D7FA /* LaunchScreen.storyboard */,
			);
			path = Storyboards;
			sourceTree = "<group>";
		};
		1A17C197229400EC00B8D7FA /* Controllers */ = {
			isa = PBXGroup;
			children = (
				1A17C1782293FFF600B8D7FA /* ViewController.swift */,
			);
			path = Controllers;
			sourceTree = "<group>";
		};
		1A17C1982294011300B8D7FA /* Models */ = {
			isa = PBXGroup;
			children = (
				1A17C1992294012600B8D7FA /* Card.swift */,
				1A17C19B2294036F00B8D7FA /* Deck.swift */,
				1A17C19D229405D400B8D7FA /* SetGame.swift */,
				1A17C19F2294149000B8D7FA /* SetGameDelegate.swift */,
			);
			path = Models;
			sourceTree = "<group>";
		};
/* End PBXGroup section */

/* Begin PBXNativeTarget section */
		1A17C1722293FFF600B8D7FA /* Set */ = {
			isa = PBXNativeTarget;
			buildConfigurationList = 1A17C1902293FFF800B8D7FA /* Build configuration list for PBXNativeTarget "Set" */;
			buildPhases = (
				1A17C16F2293FFF600B8D7FA /* Sources */,
				1A17C1702293FFF600B8D7FA /* Frameworks */,
				1A17C1712293FFF600B8D7FA /* Resources */,
			);
			buildRules = (
			);
			dependencies = (
			);
			name = Set;
			productName = Set;
			productReference = 1A17C1732293FFF600B8D7FA /* Set.app */;
			productType = "com.apple.product-type.application";
		};
		1A17C1862293FFF800B8D7FA /* SetTests */ = {
			isa = PBXNativeTarget;
			buildConfigurationList = 1A17C1932293FFF800B8D7FA /* Build configuration list for PBXNativeTarget "SetTests" */;
			buildPhases = (
				1A17C1832293FFF800B8D7FA /* Sources */,
				1A17C1842293FFF800B8D7FA /* Frameworks */,
				1A17C1852293FFF800B8D7FA /* Resources */,
			);
			buildRules = (
			);
			dependencies = (
				1A17C1892293FFF800B8D7FA /* PBXTargetDependency */,
			);
			name = SetTests;
			productName = SetTests;
			productReference = 1A17C1872293FFF800B8D7FA /* SetTests.xctest */;
			productType = "com.apple.product-type.bundle.unit-test";
		};
/* End PBXNativeTarget section */

/* Begin PBXProject section */
		1A17C16B2293FFF600B8D7FA /* Project object */ = {
			isa = PBXProject;
			attributes = {
				LastSwiftUpdateCheck = 1020;
				LastUpgradeCheck = 1020;
				ORGANIZATIONNAME = MentorMate;
				TargetAttributes = {
					1A17C1722293FFF600B8D7FA = {
						CreatedOnToolsVersion = 10.2.1;
					};
					1A17C1862293FFF800B8D7FA = {
						CreatedOnToolsVersion = 10.2.1;
						TestTargetID = 1A17C1722293FFF600B8D7FA;
					};
				};
			};
			buildConfigurationList = 1A17C16E2293FFF600B8D7FA /* Build configuration list for PBXProject "Set" */;
			compatibilityVersion = "Xcode 9.3";
			developmentRegion = en;
			hasScannedForEncodings = 0;
			knownRegions = (
				en,
				Base,
			);
			mainGroup = 1A17C16A2293FFF600B8D7FA;
			productRefGroup = 1A17C1742293FFF600B8D7FA /* Products */;
			projectDirPath = "";
			projectRoot = "";
			targets = (
				1A17C1722293FFF600B8D7FA /* Set */,
				1A17C1862293FFF800B8D7FA /* SetTests */,
			);
		};
/* End PBXProject section */

/* Begin PBXResourcesBuildPhase section */
		1A17C1712293FFF600B8D7FA /* Resources */ = {
			isa = PBXResourcesBuildPhase;
			buildActionMask = 2147483647;
			files = (
				1A17C1812293FFF800B8D7FA /* LaunchScreen.storyboard in Resources */,
				1A17C17E2293FFF800B8D7FA /* Assets.xcassets in Resources */,
				1A17C17C2293FFF600B8D7FA /* Main.storyboard in Resources */,
			);
			runOnlyForDeploymentPostprocessing = 0;
		};
		1A17C1852293FFF800B8D7FA /* Resources */ = {
			isa = PBXResourcesBuildPhase;
			buildActionMask = 2147483647;
			files = (
			);
			runOnlyForDeploymentPostprocessing = 0;
		};
/* End PBXResourcesBuildPhase section */

/* Begin PBXSourcesBuildPhase section */
		1A17C16F2293FFF600B8D7FA /* Sources */ = {
			isa = PBXSourcesBuildPhase;
			buildActionMask = 2147483647;
			files = (
				1A460F51229550D70066FAAD /* Int+repetitionsOf.swift in Sources */,
				1A17C19C2294036F00B8D7FA /* Deck.swift in Sources */,
				1A17C1A02294149000B8D7FA /* SetGameDelegate.swift in Sources */,
				1A17C1792293FFF600B8D7FA /* ViewController.swift in Sources */,
				1A17C19E229405D400B8D7FA /* SetGame.swift in Sources */,
				1A17C19A2294012600B8D7FA /* Card.swift in Sources */,
				1A17C1772293FFF600B8D7FA /* AppDelegate.swift in Sources */,
			);
			runOnlyForDeploymentPostprocessing = 0;
		};
		1A17C1832293FFF800B8D7FA /* Sources */ = {
			isa = PBXSourcesBuildPhase;
			buildActionMask = 2147483647;
			files = (
				1A17C18C2293FFF800B8D7FA /* SetTests.swift in Sources */,
			);
			runOnlyForDeploymentPostprocessing = 0;
		};
/* End PBXSourcesBuildPhase section */

/* Begin PBXTargetDependency section */
		1A17C1892293FFF800B8D7FA /* PBXTargetDependency */ = {
			isa = PBXTargetDependency;
			target = 1A17C1722293FFF600B8D7FA /* Set */;
			targetProxy = 1A17C1882293FFF800B8D7FA /* PBXContainerItemProxy */;
		};
/* End PBXTargetDependency section */

/* Begin PBXVariantGroup section */
		1A17C17A2293FFF600B8D7FA /* Main.storyboard */ = {
			isa = PBXVariantGroup;
			children = (
				1A17C17B2293FFF600B8D7FA /* Base */,
			);
			name = Main.storyboard;
			sourceTree = "<group>";
		};
		1A17C17F2293FFF800B8D7FA /* LaunchScreen.storyboard */ = {
			isa = PBXVariantGroup;
			children = (
				1A17C1802293FFF800B8D7FA /* Base */,
			);
			name = LaunchScreen.storyboard;
			sourceTree = "<group>";
		};
/* End PBXVariantGroup section */

/* Begin XCBuildConfiguration section */
		1A17C18E2293FFF800B8D7FA /* Debug */ = {
			isa = XCBuildConfiguration;
			buildSettings = {
				ALWAYS_SEARCH_USER_PATHS = NO;
				CLANG_ANALYZER_NONNULL = YES;
				CLANG_ANALYZER_NUMBER_OBJECT_CONVERSION = YES_AGGRESSIVE;
				CLANG_CXX_LANGUAGE_STANDARD = "gnu++14";
				CLANG_CXX_LIBRARY = "libc++";
				CLANG_ENABLE_MODULES = YES;
				CLANG_ENABLE_OBJC_ARC = YES;
				CLANG_ENABLE_OBJC_WEAK = YES;
				CLANG_WARN_BLOCK_CAPTURE_AUTORELEASING = YES;
				CLANG_WARN_BOOL_CONVERSION = YES;
				CLANG_WARN_COMMA = YES;
				CLANG_WARN_CONSTANT_CONVERSION = YES;
				CLANG_WARN_DEPRECATED_OBJC_IMPLEMENTATIONS = YES;
				CLANG_WARN_DIRECT_OBJC_ISA_USAGE = YES_ERROR;
				CLANG_WARN_DOCUMENTATION_COMMENTS = YES;
				CLANG_WARN_EMPTY_BODY = YES;
				CLANG_WARN_ENUM_CONVERSION = YES;
				CLANG_WARN_INFINITE_RECURSION = YES;
				CLANG_WARN_INT_CONVERSION = YES;
				CLANG_WARN_NON_LITERAL_NULL_CONVERSION = YES;
				CLANG_WARN_OBJC_IMPLICIT_RETAIN_SELF = YES;
				CLANG_WARN_OBJC_LITERAL_CONVERSION = YES;
				CLANG_WARN_OBJC_ROOT_CLASS = YES_ERROR;
				CLANG_WARN_RANGE_LOOP_ANALYSIS = YES;
				CLANG_WARN_STRICT_PROTOTYPES = YES;
				CLANG_WARN_SUSPICIOUS_MOVE = YES;
				CLANG_WARN_UNGUARDED_AVAILABILITY = YES_AGGRESSIVE;
				CLANG_WARN_UNREACHABLE_CODE = YES;
				CLANG_WARN__DUPLICATE_METHOD_MATCH = YES;
				CODE_SIGN_IDENTITY = "iPhone Developer";
				COPY_PHASE_STRIP = NO;
				DEBUG_INFORMATION_FORMAT = dwarf;
				ENABLE_STRICT_OBJC_MSGSEND = YES;
				ENABLE_TESTABILITY = YES;
				GCC_C_LANGUAGE_STANDARD = gnu11;
				GCC_DYNAMIC_NO_PIC = NO;
				GCC_NO_COMMON_BLOCKS = YES;
				GCC_OPTIMIZATION_LEVEL = 0;
				GCC_PREPROCESSOR_DEFINITIONS = (
					"DEBUG=1",
					"$(inherited)",
				);
				GCC_WARN_64_TO_32_BIT_CONVERSION = YES;
				GCC_WARN_ABOUT_RETURN_TYPE = YES_ERROR;
				GCC_WARN_UNDECLARED_SELECTOR = YES;
				GCC_WARN_UNINITIALIZED_AUTOS = YES_AGGRESSIVE;
				GCC_WARN_UNUSED_FUNCTION = YES;
				GCC_WARN_UNUSED_VARIABLE = YES;
				IPHONEOS_DEPLOYMENT_TARGET = 12.2;
				MTL_ENABLE_DEBUG_INFO = INCLUDE_SOURCE;
				MTL_FAST_MATH = YES;
				ONLY_ACTIVE_ARCH = YES;
				SDKROOT = iphoneos;
				SWIFT_ACTIVE_COMPILATION_CONDITIONS = DEBUG;
				SWIFT_OPTIMIZATION_LEVEL = "-Onone";
			};
			name = Debug;
		};
		1A17C18F2293FFF800B8D7FA /* Release */ = {
			isa = XCBuildConfiguration;
			buildSettings = {
				ALWAYS_SEARCH_USER_PATHS = NO;
				CLANG_ANALYZER_NONNULL = YES;
				CLANG_ANALYZER_NUMBER_OBJECT_CONVERSION = YES_AGGRESSIVE;
				CLANG_CXX_LANGUAGE_STANDARD = "gnu++14";
				CLANG_CXX_LIBRARY = "libc++";
				CLANG_ENABLE_MODULES = YES;
				CLANG_ENABLE_OBJC_ARC = YES;
				CLANG_ENABLE_OBJC_WEAK = YES;
				CLANG_WARN_BLOCK_CAPTURE_AUTORELEASING = YES;
				CLANG_WARN_BOOL_CONVERSION = YES;
				CLANG_WARN_COMMA = YES;
				CLANG_WARN_CONSTANT_CONVERSION = YES;
				CLANG_WARN_DEPRECATED_OBJC_IMPLEMENTATIONS = YES;
				CLANG_WARN_DIRECT_OBJC_ISA_USAGE = YES_ERROR;
				CLANG_WARN_DOCUMENTATION_COMMENTS = YES;
				CLANG_WARN_EMPTY_BODY = YES;
				CLANG_WARN_ENUM_CONVERSION = YES;
				CLANG_WARN_INFINITE_RECURSION = YES;
				CLANG_WARN_INT_CONVERSION = YES;
				CLANG_WARN_NON_LITERAL_NULL_CONVERSION = YES;
				CLANG_WARN_OBJC_IMPLICIT_RETAIN_SELF = YES;
				CLANG_WARN_OBJC_LITERAL_CONVERSION = YES;
				CLANG_WARN_OBJC_ROOT_CLASS = YES_ERROR;
				CLANG_WARN_RANGE_LOOP_ANALYSIS = YES;
				CLANG_WARN_STRICT_PROTOTYPES = YES;
				CLANG_WARN_SUSPICIOUS_MOVE = YES;
				CLANG_WARN_UNGUARDED_AVAILABILITY = YES_AGGRESSIVE;
				CLANG_WARN_UNREACHABLE_CODE = YES;
				CLANG_WARN__DUPLICATE_METHOD_MATCH = YES;
				CODE_SIGN_IDENTITY = "iPhone Developer";
				COPY_PHASE_STRIP = NO;
				DEBUG_INFORMATION_FORMAT = "dwarf-with-dsym";
				ENABLE_NS_ASSERTIONS = NO;
				ENABLE_STRICT_OBJC_MSGSEND = YES;
				GCC_C_LANGUAGE_STANDARD = gnu11;
				GCC_NO_COMMON_BLOCKS = YES;
				GCC_WARN_64_TO_32_BIT_CONVERSION = YES;
				GCC_WARN_ABOUT_RETURN_TYPE = YES_ERROR;
				GCC_WARN_UNDECLARED_SELECTOR = YES;
				GCC_WARN_UNINITIALIZED_AUTOS = YES_AGGRESSIVE;
				GCC_WARN_UNUSED_FUNCTION = YES;
				GCC_WARN_UNUSED_VARIABLE = YES;
				IPHONEOS_DEPLOYMENT_TARGET = 12.2;
				MTL_ENABLE_DEBUG_INFO = NO;
				MTL_FAST_MATH = YES;
				SDKROOT = iphoneos;
				SWIFT_COMPILATION_MODE = wholemodule;
				SWIFT_OPTIMIZATION_LEVEL = "-O";
				VALIDATE_PRODUCT = YES;
			};
			name = Release;
		};
		1A17C1912293FFF800B8D7FA /* Debug */ = {
			isa = XCBuildConfiguration;
			buildSettings = {
				ASSETCATALOG_COMPILER_APPICON_NAME = AppIcon;
				CODE_SIGN_STYLE = Automatic;
				INFOPLIST_FILE = Set/Info.plist;
				LD_RUNPATH_SEARCH_PATHS = (
					"$(inherited)",
					"@executable_path/Frameworks",
				);
				PRODUCT_BUNDLE_IDENTIFIER = MM.Set;
				PRODUCT_NAME = "$(TARGET_NAME)";
				SWIFT_VERSION = 5.0;
				TARGETED_DEVICE_FAMILY = "1,2";
			};
			name = Debug;
		};
		1A17C1922293FFF800B8D7FA /* Release */ = {
			isa = XCBuildConfiguration;
			buildSettings = {
				ASSETCATALOG_COMPILER_APPICON_NAME = AppIcon;
				CODE_SIGN_STYLE = Automatic;
				INFOPLIST_FILE = Set/Info.plist;
				LD_RUNPATH_SEARCH_PATHS = (
					"$(inherited)",
					"@executable_path/Frameworks",
				);
				PRODUCT_BUNDLE_IDENTIFIER = MM.Set;
				PRODUCT_NAME = "$(TARGET_NAME)";
				SWIFT_VERSION = 5.0;
				TARGETED_DEVICE_FAMILY = "1,2";
			};
			name = Release;
		};
		1A17C1942293FFF800B8D7FA /* Debug */ = {
			isa = XCBuildConfiguration;
			buildSettings = {
				ALWAYS_EMBED_SWIFT_STANDARD_LIBRARIES = YES;
				BUNDLE_LOADER = "$(TEST_HOST)";
				CODE_SIGN_STYLE = Automatic;
				INFOPLIST_FILE = SetTests/Info.plist;
				LD_RUNPATH_SEARCH_PATHS = (
					"$(inherited)",
					"@executable_path/Frameworks",
					"@loader_path/Frameworks",
				);
				PRODUCT_BUNDLE_IDENTIFIER = MM.SetTests;
				PRODUCT_NAME = "$(TARGET_NAME)";
				SWIFT_VERSION = 5.0;
				TARGETED_DEVICE_FAMILY = "1,2";
				TEST_HOST = "$(BUILT_PRODUCTS_DIR)/Set.app/Set";
			};
			name = Debug;
		};
		1A17C1952293FFF800B8D7FA /* Release */ = {
			isa = XCBuildConfiguration;
			buildSettings = {
				ALWAYS_EMBED_SWIFT_STANDARD_LIBRARIES = YES;
				BUNDLE_LOADER = "$(TEST_HOST)";
				CODE_SIGN_STYLE = Automatic;
				INFOPLIST_FILE = SetTests/Info.plist;
				LD_RUNPATH_SEARCH_PATHS = (
					"$(inherited)",
					"@executable_path/Frameworks",
					"@loader_path/Frameworks",
				);
				PRODUCT_BUNDLE_IDENTIFIER = MM.SetTests;
				PRODUCT_NAME = "$(TARGET_NAME)";
				SWIFT_VERSION = 5.0;
				TARGETED_DEVICE_FAMILY = "1,2";
				TEST_HOST = "$(BUILT_PRODUCTS_DIR)/Set.app/Set";
			};
			name = Release;
		};
/* End XCBuildConfiguration section */

/* Begin XCConfigurationList section */
		1A17C16E2293FFF600B8D7FA /* Build configuration list for PBXProject "Set" */ = {
			isa = XCConfigurationList;
			buildConfigurations = (
				1A17C18E2293FFF800B8D7FA /* Debug */,
				1A17C18F2293FFF800B8D7FA /* Release */,
			);
			defaultConfigurationIsVisible = 0;
			defaultConfigurationName = Release;
		};
		1A17C1902293FFF800B8D7FA /* Build configuration list for PBXNativeTarget "Set" */ = {
			isa = XCConfigurationList;
			buildConfigurations = (
				1A17C1912293FFF800B8D7FA /* Debug */,
				1A17C1922293FFF800B8D7FA /* Release */,
			);
			defaultConfigurationIsVisible = 0;
			defaultConfigurationName = Release;
		};
		1A17C1932293FFF800B8D7FA /* Build configuration list for PBXNativeTarget "SetTests" */ = {
			isa = XCConfigurationList;
			buildConfigurations = (
				1A17C1942293FFF800B8D7FA /* Debug */,
				1A17C1952293FFF800B8D7FA /* Release */,
			);
			defaultConfigurationIsVisible = 0;
			defaultConfigurationName = Release;
		};
/* End XCConfigurationList section */
	};
	rootObject = 1A17C16B2293FFF600B8D7FA /* Project object */;
}
